{
    "_readme": [
        "This file locks the dependencies of your project to a known state",
        "Read more about it at https://getcomposer.org/doc/01-basic-usage.md#installing-dependencies",
        "This file is @generated automatically"
    ],
    "content-hash": "80135763461b21d99750ec3a26c70e90",
    "packages": [
        {
            "name": "kounta/lightopenid",
            "version": "v0.7.1",
            "source": {
                "type": "git",
                "url": "https://github.com/kounta/lightopenid.git",
                "reference": "684f8e97f370cc41f5025899a1e01e886b3af3d6"
            },
            "dist": {
                "type": "zip",
                "url": "https://api.github.com/repos/kounta/lightopenid/zipball/684f8e97f370cc41f5025899a1e01e886b3af3d6",
                "reference": "684f8e97f370cc41f5025899a1e01e886b3af3d6",
                "shasum": ""
            },
            "require": {
                "php": ">=5.2.3"
            },
            "type": "library",
            "autoload": {
                "classmap": [
                    "./"
                ]
            },
            "notification-url": "https://packagist.org/downloads/",
            "license": [
                "MIT"
            ],
            "description": "From https://gitorious.org/lightopenid/lightopenid.git",
            "homepage": "https://github.com/kounta/lightopenid",
            "keywords": [
                "OpenId"
            ],
            "time": "2015-04-01T22:37:36+00:00"
        }
    ],
    "packages-dev": [],
    "aliases": [],
    "minimum-stability": "stable",
    "stability-flags": [],
    "prefer-stable": false,
    "prefer-lowest": false,
    "platform": [],
    "platform-dev": []
}
